// !$*UTF8*$!
{
	archiveVersion = 1;
	classes = {
	};
	objectVersion = 77;
	objects = {

/* Begin PBXBuildFile section */
		07358321184D254941F4C351 /* MVVideoView.swift in Sources */ = {isa = PBXBuildFile; fileRef = 40124688AF78AB586D9CD21C /* MVVideoView.swift */; };
		07BB547D706EFC820F6EDC44 /* VideoSurface.swift in Sources */ = {isa = PBXBuildFile; fileRef = BAC07C51A49B82DA05357675 /* VideoSurface.swift */; };
		0E7825A96285DF097A08CBC6 /* MediaThumbnailProviderTests.swift in Sources */ = {isa = PBXBuildFile; fileRef = 4057FD7C81982F4343C36F5C /* MediaThumbnailProviderTests.swift */; };
		1764362694E6533DC3206F29 /* ExternalThumbnailRenderer.swift in Sources */ = {isa = PBXBuildFile; fileRef = 8B9FE539388822415A5C9AF9 /* ExternalThumbnailRenderer.swift */; };
		1A96B555B852C8ADED3063F9 /* MVPlayerApp.swift in Sources */ = {isa = PBXBuildFile; fileRef = 5A734080EC5730DBF0918ED0 /* MVPlayerApp.swift */; };
		224693807487630483B03359 /* PlayerState.swift in Sources */ = {isa = PBXBuildFile; fileRef = FB70673E49BA482CE7855569 /* PlayerState.swift */; };
		2CD1C7D40A5B25C06B7705A6 /* LibMPVSetupView.swift in Sources */ = {isa = PBXBuildFile; fileRef = 52736CD6487176F53273DFA7 /* LibMPVSetupView.swift */; };
		3052004CBAC853FF3305E4D9 /* PlaybackQueueTests.swift in Sources */ = {isa = PBXBuildFile; fileRef = B0F5DCDC250DD95C1ECC84E7 /* PlaybackQueueTests.swift */; };
		37FF015320A7202B99F29A10 /* WindowState.swift in Sources */ = {isa = PBXBuildFile; fileRef = C5F53E3BD5B82B25608D80C2 /* WindowState.swift */; };
		3E92CA8DECBD10B7277AD283 /* FolderWatcher.swift in Sources */ = {isa = PBXBuildFile; fileRef = B53BB1FECCFDB22DC4EA4792 /* FolderWatcher.swift */; };
		4286CF8B23CF7B8D7520E2AC /* CMPVShim.framework in Frameworks */ = {isa = PBXBuildFile; fileRef = A6B7A073254AD11C705C72BD /* CMPVShim.framework */; };
		4500916E4C767AF575F92A05 /* ContentView.swift in Sources */ = {isa = PBXBuildFile; fileRef = 7FF109F6FEADAED14509CD98 /* ContentView.swift */; };
		485DDAF467C1BBE3F8EA1DDE /* PlaybackProgressStore.swift in Sources */ = {isa = PBXBuildFile; fileRef = 5394F98A7D523C014ADFB6F6 /* PlaybackProgressStore.swift */; };
		500B7B34711E3ACAF19AD6AD /* FolderLibrary.swift in Sources */ = {isa = PBXBuildFile; fileRef = E0CEE9DC83112344B6879958 /* FolderLibrary.swift */; };
		5CB72F36D777FC0007486AE3 /* PlayerContainerView.swift in Sources */ = {isa = PBXBuildFile; fileRef = A9FE8521908012F2D790BA23 /* PlayerContainerView.swift */; };
		5CDDC091F9951F0D8BFB1B3D /* ThumbnailFilmstripTests.swift in Sources */ = {isa = PBXBuildFile; fileRef = 8DE090111AC674B864D04483 /* ThumbnailFilmstripTests.swift */; };
		672A01DCBC0F2FF4B70CDD69 /* FolderLibraryTests.swift in Sources */ = {isa = PBXBuildFile; fileRef = 178121889E8D5B2D2E4E5835 /* FolderLibraryTests.swift */; };
		6AB3DC94A3EF0B237FB8A328 /* ThumbnailFilmstrip.swift in Sources */ = {isa = PBXBuildFile; fileRef = 00FBBA5C4122D948B4CEEB70 /* ThumbnailFilmstrip.swift */; };
		725103053D42399B2EAF537F /* FullscreenPlayerPresenter.swift in Sources */ = {isa = PBXBuildFile; fileRef = 355615EF1E55E543084C35E1 /* FullscreenPlayerPresenter.swift */; };
		7507A320F5672C4973B540CB /* MediaThumbnailProvider.swift in Sources */ = {isa = PBXBuildFile; fileRef = 1517D91C6721AA144D378574 /* MediaThumbnailProvider.swift */; };
		76AC5DB4BE9F1732F445FDC5 /* MPVPlayerEngine.swift in Sources */ = {isa = PBXBuildFile; fileRef = 54248B372A6C3479C6F3BE4C /* MPVPlayerEngine.swift */; };
		7F88ECB766E892F14DF2D2A4 /* TimelinePreviewScrubber.swift in Sources */ = {isa = PBXBuildFile; fileRef = 30754F16E08B668BBB9CEA12 /* TimelinePreviewScrubber.swift */; };
		85F0244B21B3C839C4C6B6E6 /* CMPVShim.framework in Embed Frameworks */ = {isa = PBXBuildFile; fileRef = A6B7A073254AD11C705C72BD /* CMPVShim.framework */; settings = {ATTRIBUTES = (CodeSignOnCopy, RemoveHeadersOnCopy, ); }; };
		868A3811C71B8BD182272405 /* CMPVShim.h in Headers */ = {isa = PBXBuildFile; fileRef = F2C91BC1BF21D7334F20FFCD /* CMPVShim.h */; settings = {ATTRIBUTES = (Public, ); }; };
		8DAAC6A01DFF01AA984D8F0F /* PlaybackProgressStoreTests.swift in Sources */ = {isa = PBXBuildFile; fileRef = DC4D8544757EF28DEDCB81C0 /* PlaybackProgressStoreTests.swift */; };
		901251B986400022D1C75058 /* FolderBrowserView.swift in Sources */ = {isa = PBXBuildFile; fileRef = 9C5E3C24BFFBDB6A9C17B81D /* FolderBrowserView.swift */; };
		9FB2F1E46CEE3F2E2F82C65D /* LibMPVLoaderTests.swift in Sources */ = {isa = PBXBuildFile; fileRef = 9B0A64AA22AE8287477B9CB1 /* LibMPVLoaderTests.swift */; };
		AF6DFC6430EE7FAB997F4859 /* CMPVShim.framework in Frameworks */ = {isa = PBXBuildFile; fileRef = A6B7A073254AD11C705C72BD /* CMPVShim.framework */; };
		B0920A887B99A67535EBEFF5 /* LibMPVLoader.swift in Sources */ = {isa = PBXBuildFile; fileRef = 3CF3DBD7509BA5383ACC0B78 /* LibMPVLoader.swift */; };
		B170249BFDF346B103A9E6F1 /* MediaMetadata.swift in Sources */ = {isa = PBXBuildFile; fileRef = 31A764DAAE610C2E1EC24B46 /* MediaMetadata.swift */; };
		B369F2B940C260E43C2DF5E6 /* AppModel.swift in Sources */ = {isa = PBXBuildFile; fileRef = D87F49829CC27CC6B077C53F /* AppModel.swift */; };
		BB35E5891E108A13587D0525 /* WindowFrameAutosave.swift in Sources */ = {isa = PBXBuildFile; fileRef = 48CFD5DA64FE24AE00EE83C4 /* WindowFrameAutosave.swift */; };
		BD8A53F83ACE9FB58CB6CF4F /* PlayerStateTests.swift in Sources */ = {isa = PBXBuildFile; fileRef = 8D00763DE77CF504D588F3D4 /* PlayerStateTests.swift */; };
		C743950DE9777BCFAE1DC013 /* mvplayer.icon in Resources */ = {isa = PBXBuildFile; fileRef = 8B9FEE97B7E30264055B6611 /* mvplayer.icon */; };
		CBCABB6247C8BDA2BCFD8E2D /* CMPVShim.c in Sources */ = {isa = PBXBuildFile; fileRef = E1B2A60AF47452C5972F45AD /* CMPVShim.c */; };
		D1686F68229307FB773F9FFB /* WindowStateTests.swift in Sources */ = {isa = PBXBuildFile; fileRef = 4A0C9877A4FBADC73A1D2CDD /* WindowStateTests.swift */; };
		D7D47E9348AB97AD6B719CB6 /* CMPVShim.framework in Embed Frameworks */ = {isa = PBXBuildFile; fileRef = A6B7A073254AD11C705C72BD /* CMPVShim.framework */; settings = {ATTRIBUTES = (CodeSignOnCopy, RemoveHeadersOnCopy, ); }; };
		DC5397814A9061D9358E8F24 /* PlaybackQueue.swift in Sources */ = {isa = PBXBuildFile; fileRef = DB0DEA414CD839046A142BE1 /* PlaybackQueue.swift */; };
		F25FEA260D3F99AD5ABABE5A /* ExternalThumbnailRendererTests.swift in Sources */ = {isa = PBXBuildFile; fileRef = A30502862EAE15F85545A309 /* ExternalThumbnailRendererTests.swift */; };
/* End PBXBuildFile section */

/* Begin PBXContainerItemProxy section */
		608B7FBB2A54D0169F1563BD /* PBXContainerItemProxy */ = {
			isa = PBXContainerItemProxy;
			containerPortal = 51722A73EC56917110A96947 /* Project object */;
			proxyType = 1;
			remoteGlobalIDString = DD12C06412DDDA56CCB823DC;
			remoteInfo = CMPVShim;
		};
		952CD92399E7BB06498E482A /* PBXContainerItemProxy */ = {
			isa = PBXContainerItemProxy;
			containerPortal = 51722A73EC56917110A96947 /* Project object */;
			proxyType = 1;
			remoteGlobalIDString = 4FFF34665CD533F56F402514;
			remoteInfo = MVPlayer;
		};
		9BA5EA62C8ED85E28B9A9D39 /* PBXContainerItemProxy */ = {
			isa = PBXContainerItemProxy;
			containerPortal = 51722A73EC56917110A96947 /* Project object */;
			proxyType = 1;
			remoteGlobalIDString = DD12C06412DDDA56CCB823DC;
			remoteInfo = CMPVShim;
		};
/* End PBXContainerItemProxy section */

/* Begin PBXCopyFilesBuildPhase section */
		86BBE66B326CEF47EEB58E34 /* Embed Frameworks */ = {
			isa = PBXCopyFilesBuildPhase;
			buildActionMask = 2147483647;
			dstPath = "";
			dstSubfolderSpec = 10;
			files = (
				D7D47E9348AB97AD6B719CB6 /* CMPVShim.framework in Embed Frameworks */,
			);
			name = "Embed Frameworks";
			runOnlyForDeploymentPostprocessing = 0;
		};
		C1750436186DF525B5C7C99F /* Embed Frameworks */ = {
			isa = PBXCopyFilesBuildPhase;
			buildActionMask = 2147483647;
			dstPath = "";
			dstSubfolderSpec = 10;
			files = (
				85F0244B21B3C839C4C6B6E6 /* CMPVShim.framework in Embed Frameworks */,
			);
			name = "Embed Frameworks";
			runOnlyForDeploymentPostprocessing = 0;
		};
/* End PBXCopyFilesBuildPhase section */

/* Begin PBXFileReference section */
		00FBBA5C4122D948B4CEEB70 /* ThumbnailFilmstrip.swift */ = {isa = PBXFileReference; lastKnownFileType = sourcecode.swift; path = ThumbnailFilmstrip.swift; sourceTree = "<group>"; };
		1517D91C6721AA144D378574 /* MediaThumbnailProvider.swift */ = {isa = PBXFileReference; lastKnownFileType = sourcecode.swift; path = MediaThumbnailProvider.swift; sourceTree = "<group>"; };
		178121889E8D5B2D2E4E5835 /* FolderLibraryTests.swift */ = {isa = PBXFileReference; lastKnownFileType = sourcecode.swift; path = FolderLibraryTests.swift; sourceTree = "<group>"; };
		21999E2CF5B5221B384B1536 /* MVPlayerTests.xctest */ = {isa = PBXFileReference; explicitFileType = wrapper.cfbundle; includeInIndex = 0; path = MVPlayerTests.xctest; sourceTree = BUILT_PRODUCTS_DIR; };
		30754F16E08B668BBB9CEA12 /* TimelinePreviewScrubber.swift */ = {isa = PBXFileReference; lastKnownFileType = sourcecode.swift; path = TimelinePreviewScrubber.swift; sourceTree = "<group>"; };
		31A764DAAE610C2E1EC24B46 /* MediaMetadata.swift */ = {isa = PBXFileReference; lastKnownFileType = sourcecode.swift; path = MediaMetadata.swift; sourceTree = "<group>"; };
		355615EF1E55E543084C35E1 /* FullscreenPlayerPresenter.swift */ = {isa = PBXFileReference; lastKnownFileType = sourcecode.swift; path = FullscreenPlayerPresenter.swift; sourceTree = "<group>"; };
		3CF3DBD7509BA5383ACC0B78 /* LibMPVLoader.swift */ = {isa = PBXFileReference; lastKnownFileType = sourcecode.swift; path = LibMPVLoader.swift; sourceTree = "<group>"; };
		40124688AF78AB586D9CD21C /* MVVideoView.swift */ = {isa = PBXFileReference; lastKnownFileType = sourcecode.swift; path = MVVideoView.swift; sourceTree = "<group>"; };
		4057FD7C81982F4343C36F5C /* MediaThumbnailProviderTests.swift */ = {isa = PBXFileReference; lastKnownFileType = sourcecode.swift; path = MediaThumbnailProviderTests.swift; sourceTree = "<group>"; };
		48CFD5DA64FE24AE00EE83C4 /* WindowFrameAutosave.swift */ = {isa = PBXFileReference; lastKnownFileType = sourcecode.swift; path = WindowFrameAutosave.swift; sourceTree = "<group>"; };
		4A0C9877A4FBADC73A1D2CDD /* WindowStateTests.swift */ = {isa = PBXFileReference; lastKnownFileType = sourcecode.swift; path = WindowStateTests.swift; sourceTree = "<group>"; };
		52736CD6487176F53273DFA7 /* LibMPVSetupView.swift */ = {isa = PBXFileReference; lastKnownFileType = sourcecode.swift; path = LibMPVSetupView.swift; sourceTree = "<group>"; };
		5394F98A7D523C014ADFB6F6 /* PlaybackProgressStore.swift */ = {isa = PBXFileReference; lastKnownFileType = sourcecode.swift; path = PlaybackProgressStore.swift; sourceTree = "<group>"; };
		54248B372A6C3479C6F3BE4C /* MPVPlayerEngine.swift */ = {isa = PBXFileReference; lastKnownFileType = sourcecode.swift; path = MPVPlayerEngine.swift; sourceTree = "<group>"; };
		5A734080EC5730DBF0918ED0 /* MVPlayerApp.swift */ = {isa = PBXFileReference; lastKnownFileType = sourcecode.swift; path = MVPlayerApp.swift; sourceTree = "<group>"; };
		7FF109F6FEADAED14509CD98 /* ContentView.swift */ = {isa = PBXFileReference; lastKnownFileType = sourcecode.swift; path = ContentView.swift; sourceTree = "<group>"; };
		8B9FE539388822415A5C9AF9 /* ExternalThumbnailRenderer.swift */ = {isa = PBXFileReference; lastKnownFileType = sourcecode.swift; path = ExternalThumbnailRenderer.swift; sourceTree = "<group>"; };
		8B9FEE97B7E30264055B6611 /* mvplayer.icon */ = {isa = PBXFileReference; lastKnownFileType = wrapper.icon; path = mvplayer.icon; sourceTree = "<group>"; };
		8D00763DE77CF504D588F3D4 /* PlayerStateTests.swift */ = {isa = PBXFileReference; lastKnownFileType = sourcecode.swift; path = PlayerStateTests.swift; sourceTree = "<group>"; };
		8DE090111AC674B864D04483 /* ThumbnailFilmstripTests.swift */ = {isa = PBXFileReference; lastKnownFileType = sourcecode.swift; path = ThumbnailFilmstripTests.swift; sourceTree = "<group>"; };
		9B0A64AA22AE8287477B9CB1 /* LibMPVLoaderTests.swift */ = {isa = PBXFileReference; lastKnownFileType = sourcecode.swift; path = LibMPVLoaderTests.swift; sourceTree = "<group>"; };
		9C5E3C24BFFBDB6A9C17B81D /* FolderBrowserView.swift */ = {isa = PBXFileReference; lastKnownFileType = sourcecode.swift; path = FolderBrowserView.swift; sourceTree = "<group>"; };
		A30502862EAE15F85545A309 /* ExternalThumbnailRendererTests.swift */ = {isa = PBXFileReference; lastKnownFileType = sourcecode.swift; path = ExternalThumbnailRendererTests.swift; sourceTree = "<group>"; };
		A6B7A073254AD11C705C72BD /* CMPVShim.framework */ = {isa = PBXFileReference; explicitFileType = wrapper.framework; includeInIndex = 0; path = CMPVShim.framework; sourceTree = BUILT_PRODUCTS_DIR; };
		A9FE8521908012F2D790BA23 /* PlayerContainerView.swift */ = {isa = PBXFileReference; lastKnownFileType = sourcecode.swift; path = PlayerContainerView.swift; sourceTree = "<group>"; };
		B0F5DCDC250DD95C1ECC84E7 /* PlaybackQueueTests.swift */ = {isa = PBXFileReference; lastKnownFileType = sourcecode.swift; path = PlaybackQueueTests.swift; sourceTree = "<group>"; };
		B53BB1FECCFDB22DC4EA4792 /* FolderWatcher.swift */ = {isa = PBXFileReference; lastKnownFileType = sourcecode.swift; path = FolderWatcher.swift; sourceTree = "<group>"; };
		BAC07C51A49B82DA05357675 /* VideoSurface.swift */ = {isa = PBXFileReference; lastKnownFileType = sourcecode.swift; path = VideoSurface.swift; sourceTree = "<group>"; };
		C112FA2F6E5578B9189C594C /* MVPlayer.app */ = {isa = PBXFileReference; explicitFileType = wrapper.application; includeInIndex = 0; path = MVPlayer.app; sourceTree = BUILT_PRODUCTS_DIR; };
		C5F53E3BD5B82B25608D80C2 /* WindowState.swift */ = {isa = PBXFileReference; lastKnownFileType = sourcecode.swift; path = WindowState.swift; sourceTree = "<group>"; };
		D37060EDEE2386D81EF2BBE7 /* MVPlayer.entitlements */ = {isa = PBXFileReference; lastKnownFileType = text.plist.entitlements; path = MVPlayer.entitlements; sourceTree = "<group>"; };
		D87F49829CC27CC6B077C53F /* AppModel.swift */ = {isa = PBXFileReference; lastKnownFileType = sourcecode.swift; path = AppModel.swift; sourceTree = "<group>"; };
		DB0DEA414CD839046A142BE1 /* PlaybackQueue.swift */ = {isa = PBXFileReference; lastKnownFileType = sourcecode.swift; path = PlaybackQueue.swift; sourceTree = "<group>"; };
		DC4D8544757EF28DEDCB81C0 /* PlaybackProgressStoreTests.swift */ = {isa = PBXFileReference; lastKnownFileType = sourcecode.swift; path = PlaybackProgressStoreTests.swift; sourceTree = "<group>"; };
		E0CEE9DC83112344B6879958 /* FolderLibrary.swift */ = {isa = PBXFileReference; lastKnownFileType = sourcecode.swift; path = FolderLibrary.swift; sourceTree = "<group>"; };
		E1B2A60AF47452C5972F45AD /* CMPVShim.c */ = {isa = PBXFileReference; lastKnownFileType = sourcecode.c.c; path = CMPVShim.c; sourceTree = "<group>"; };
		F2C91BC1BF21D7334F20FFCD /* CMPVShim.h */ = {isa = PBXFileReference; lastKnownFileType = sourcecode.c.h; path = CMPVShim.h; sourceTree = "<group>"; };
		FB70673E49BA482CE7855569 /* PlayerState.swift */ = {isa = PBXFileReference; lastKnownFileType = sourcecode.swift; path = PlayerState.swift; sourceTree = "<group>"; };
/* End PBXFileReference section */

/* Begin PBXFrameworksBuildPhase section */
		707AFBC8710591E3DC490F02 /* Frameworks */ = {
			isa = PBXFrameworksBuildPhase;
			buildActionMask = 2147483647;
			files = (
				4286CF8B23CF7B8D7520E2AC /* CMPVShim.framework in Frameworks */,
			);
			runOnlyForDeploymentPostprocessing = 0;
		};
		85B8074C5A82BABD51B49D02 /* Frameworks */ = {
			isa = PBXFrameworksBuildPhase;
			buildActionMask = 2147483647;
			files = (
				AF6DFC6430EE7FAB997F4859 /* CMPVShim.framework in Frameworks */,
			);
			runOnlyForDeploymentPostprocessing = 0;
		};
/* End PBXFrameworksBuildPhase section */

/* Begin PBXGroup section */
		071735AAEF56F0C30CC4C184 /* CMPVShim */ = {
			isa = PBXGroup;
			children = (
				E1B2A60AF47452C5972F45AD /* CMPVShim.c */,
				F2C91BC1BF21D7334F20FFCD /* CMPVShim.h */,
			);
			path = CMPVShim;
			sourceTree = "<group>";
		};
		18050FBA2EF8A0573E275CE3 /* Products */ = {
			isa = PBXGroup;
			children = (
				A6B7A073254AD11C705C72BD /* CMPVShim.framework */,
				C112FA2F6E5578B9189C594C /* MVPlayer.app */,
				21999E2CF5B5221B384B1536 /* MVPlayerTests.xctest */,
			);
			name = Products;
			sourceTree = "<group>";
		};
		2C0991E933B0F71B59F192A6 /* UI */ = {
			isa = PBXGroup;
			children = (
				7FF109F6FEADAED14509CD98 /* ContentView.swift */,
				9C5E3C24BFFBDB6A9C17B81D /* FolderBrowserView.swift */,
				355615EF1E55E543084C35E1 /* FullscreenPlayerPresenter.swift */,
				52736CD6487176F53273DFA7 /* LibMPVSetupView.swift */,
				A9FE8521908012F2D790BA23 /* PlayerContainerView.swift */,
				30754F16E08B668BBB9CEA12 /* TimelinePreviewScrubber.swift */,
				48CFD5DA64FE24AE00EE83C4 /* WindowFrameAutosave.swift */,
			);
			path = UI;
			sourceTree = "<group>";
		};
		5930282FCC3CADE597690D4E /* App */ = {
			isa = PBXGroup;
			children = (
				D87F49829CC27CC6B077C53F /* AppModel.swift */,
				5A734080EC5730DBF0918ED0 /* MVPlayerApp.swift */,
				C5F53E3BD5B82B25608D80C2 /* WindowState.swift */,
			);
			path = App;
			sourceTree = "<group>";
		};
		962EEA42BD939D59A5396308 /* Assets */ = {
			isa = PBXGroup;
			children = (
				8B9FEE97B7E30264055B6611 /* mvplayer.icon */,
			);
			path = Assets;
			sourceTree = "<group>";
		};
		B791DDE53A55EEABC243BC44 /* Library */ = {
			isa = PBXGroup;
			children = (
				8B9FE539388822415A5C9AF9 /* ExternalThumbnailRenderer.swift */,
				E0CEE9DC83112344B6879958 /* FolderLibrary.swift */,
				B53BB1FECCFDB22DC4EA4792 /* FolderWatcher.swift */,
				31A764DAAE610C2E1EC24B46 /* MediaMetadata.swift */,
				1517D91C6721AA144D378574 /* MediaThumbnailProvider.swift */,
				5394F98A7D523C014ADFB6F6 /* PlaybackProgressStore.swift */,
				DB0DEA414CD839046A142BE1 /* PlaybackQueue.swift */,
				00FBBA5C4122D948B4CEEB70 /* ThumbnailFilmstrip.swift */,
			);
			path = Library;
			sourceTree = "<group>";
		};
		BF2CB53912E45DC2CA274785 /* MVPlayer */ = {
			isa = PBXGroup;
			children = (
				5930282FCC3CADE597690D4E /* App */,
				B791DDE53A55EEABC243BC44 /* Library */,
				CCBC3E239B2C645584638017 /* Player */,
				CD1EB6F9AFA71D9101B6FC68 /* Support */,
				2C0991E933B0F71B59F192A6 /* UI */,
			);
			path = MVPlayer;
			sourceTree = "<group>";
		};
		CCBC3E239B2C645584638017 /* Player */ = {
			isa = PBXGroup;
			children = (
				3CF3DBD7509BA5383ACC0B78 /* LibMPVLoader.swift */,
				54248B372A6C3479C6F3BE4C /* MPVPlayerEngine.swift */,
				40124688AF78AB586D9CD21C /* MVVideoView.swift */,
				FB70673E49BA482CE7855569 /* PlayerState.swift */,
				BAC07C51A49B82DA05357675 /* VideoSurface.swift */,
			);
			path = Player;
			sourceTree = "<group>";
		};
		CD1EB6F9AFA71D9101B6FC68 /* Support */ = {
			isa = PBXGroup;
			children = (
				D37060EDEE2386D81EF2BBE7 /* MVPlayer.entitlements */,
			);
			path = Support;
			sourceTree = "<group>";
		};
		D96E386BF06B4B3A6DAABF05 = {
			isa = PBXGroup;
			children = (
				962EEA42BD939D59A5396308 /* Assets */,
				071735AAEF56F0C30CC4C184 /* CMPVShim */,
				BF2CB53912E45DC2CA274785 /* MVPlayer */,
				DBBA43F6884D955F0ECD042B /* MVPlayerTests */,
				18050FBA2EF8A0573E275CE3 /* Products */,
			);
			sourceTree = "<group>";
		};
		DBBA43F6884D955F0ECD042B /* MVPlayerTests */ = {
			isa = PBXGroup;
			children = (
				A30502862EAE15F85545A309 /* ExternalThumbnailRendererTests.swift */,
				178121889E8D5B2D2E4E5835 /* FolderLibraryTests.swift */,
				9B0A64AA22AE8287477B9CB1 /* LibMPVLoaderTests.swift */,
				4057FD7C81982F4343C36F5C /* MediaThumbnailProviderTests.swift */,
				DC4D8544757EF28DEDCB81C0 /* PlaybackProgressStoreTests.swift */,
				B0F5DCDC250DD95C1ECC84E7 /* PlaybackQueueTests.swift */,
				8D00763DE77CF504D588F3D4 /* PlayerStateTests.swift */,
				8DE090111AC674B864D04483 /* ThumbnailFilmstripTests.swift */,
				4A0C9877A4FBADC73A1D2CDD /* WindowStateTests.swift */,
			);
			path = MVPlayerTests;
			sourceTree = "<group>";
		};
/* End PBXGroup section */

/* Begin PBXHeadersBuildPhase section */
		B9D4891D0FEA6EC37D347ECD /* Headers */ = {
			isa = PBXHeadersBuildPhase;
			buildActionMask = 2147483647;
			files = (
				868A3811C71B8BD182272405 /* CMPVShim.h in Headers */,
			);
			runOnlyForDeploymentPostprocessing = 0;
		};
/* End PBXHeadersBuildPhase section */

/* Begin PBXNativeTarget section */
		2F79174ADF74EBCEDAD8309B /* MVPlayerTests */ = {
			isa = PBXNativeTarget;
			buildConfigurationList = AAB4687BEC3E4838E2C06255 /* Build configuration list for PBXNativeTarget "MVPlayerTests" */;
			buildPhases = (
				D95943A76E5CAC1CECC69AAB /* Sources */,
				707AFBC8710591E3DC490F02 /* Frameworks */,
				86BBE66B326CEF47EEB58E34 /* Embed Frameworks */,
			);
			buildRules = (
			);
			dependencies = (
				7242D888B4FF81C73D5E13AB /* PBXTargetDependency */,
				914C9306ADD51B20F4758979 /* PBXTargetDependency */,
			);
			name = MVPlayerTests;
			packageProductDependencies = (
			);
			productName = MVPlayerTests;
			productReference = 21999E2CF5B5221B384B1536 /* MVPlayerTests.xctest */;
			productType = "com.apple.product-type.bundle.unit-test";
		};
		4FFF34665CD533F56F402514 /* MVPlayer */ = {
			isa = PBXNativeTarget;
			buildConfigurationList = BDAC9E8D5FF6789BADD14BDC /* Build configuration list for PBXNativeTarget "MVPlayer" */;
			buildPhases = (
				8057C0A35938F825963B73CF /* Sources */,
				94D301A148C88F1FF9978637 /* Resources */,
				85B8074C5A82BABD51B49D02 /* Frameworks */,
				C1750436186DF525B5C7C99F /* Embed Frameworks */,
			);
			buildRules = (
			);
			dependencies = (
				000C1B3FA9A1754AA6E22DC7 /* PBXTargetDependency */,
			);
			name = MVPlayer;
			packageProductDependencies = (
			);
			productName = MVPlayer;
			productReference = C112FA2F6E5578B9189C594C /* MVPlayer.app */;
			productType = "com.apple.product-type.application";
		};
		DD12C06412DDDA56CCB823DC /* CMPVShim */ = {
			isa = PBXNativeTarget;
			buildConfigurationList = F41AEA797AC21165AF596FE4 /* Build configuration list for PBXNativeTarget "CMPVShim" */;
			buildPhases = (
				B9D4891D0FEA6EC37D347ECD /* Headers */,
				5927D98E64EB529533F5A292 /* Sources */,
			);
			buildRules = (
			);
			dependencies = (
			);
			name = CMPVShim;
			packageProductDependencies = (
			);
			productName = CMPVShim;
			productReference = A6B7A073254AD11C705C72BD /* CMPVShim.framework */;
			productType = "com.apple.product-type.framework";
		};
/* End PBXNativeTarget section */

/* Begin PBXProject section */
		51722A73EC56917110A96947 /* Project object */ = {
			isa = PBXProject;
			attributes = {
				BuildIndependentTargetsInParallel = YES;
				LastUpgradeCheck = 1430;
				TargetAttributes = {
					2F79174ADF74EBCEDAD8309B = {
						ProvisioningStyle = Automatic;
					};
					4FFF34665CD533F56F402514 = {
						ProvisioningStyle = Automatic;
					};
					DD12C06412DDDA56CCB823DC = {
						ProvisioningStyle = Automatic;
					};
				};
			};
			buildConfigurationList = 67F47083A0DA184CEECDFC91 /* Build configuration list for PBXProject "MVPlayer" */;
			developmentRegion = en;
			hasScannedForEncodings = 0;
			knownRegions = (
				Base,
				en,
			);
			mainGroup = D96E386BF06B4B3A6DAABF05;
			minimizedProjectReferenceProxies = 1;
			preferredProjectObjectVersion = 77;
			productRefGroup = 18050FBA2EF8A0573E275CE3 /* Products */;
			projectDirPath = "";
			projectRoot = "";
			targets = (
				DD12C06412DDDA56CCB823DC /* CMPVShim */,
				4FFF34665CD533F56F402514 /* MVPlayer */,
				2F79174ADF74EBCEDAD8309B /* MVPlayerTests */,
			);
		};
/* End PBXProject section */

/* Begin PBXResourcesBuildPhase section */
		94D301A148C88F1FF9978637 /* Resources */ = {
			isa = PBXResourcesBuildPhase;
			buildActionMask = 2147483647;
			files = (
				C743950DE9777BCFAE1DC013 /* mvplayer.icon in Resources */,
			);
			runOnlyForDeploymentPostprocessing = 0;
		};
/* End PBXResourcesBuildPhase section */

/* Begin PBXSourcesBuildPhase section */
		5927D98E64EB529533F5A292 /* Sources */ = {
			isa = PBXSourcesBuildPhase;
			buildActionMask = 2147483647;
			files = (
				CBCABB6247C8BDA2BCFD8E2D /* CMPVShim.c in Sources */,
			);
			runOnlyForDeploymentPostprocessing = 0;
		};
		8057C0A35938F825963B73CF /* Sources */ = {
			isa = PBXSourcesBuildPhase;
			buildActionMask = 2147483647;
			files = (
				B369F2B940C260E43C2DF5E6 /* AppModel.swift in Sources */,
				4500916E4C767AF575F92A05 /* ContentView.swift in Sources */,
				1764362694E6533DC3206F29 /* ExternalThumbnailRenderer.swift in Sources */,
				901251B986400022D1C75058 /* FolderBrowserView.swift in Sources */,
				500B7B34711E3ACAF19AD6AD /* FolderLibrary.swift in Sources */,
				3E92CA8DECBD10B7277AD283 /* FolderWatcher.swift in Sources */,
				725103053D42399B2EAF537F /* FullscreenPlayerPresenter.swift in Sources */,
				B0920A887B99A67535EBEFF5 /* LibMPVLoader.swift in Sources */,
				2CD1C7D40A5B25C06B7705A6 /* LibMPVSetupView.swift in Sources */,
				76AC5DB4BE9F1732F445FDC5 /* MPVPlayerEngine.swift in Sources */,
				1A96B555B852C8ADED3063F9 /* MVPlayerApp.swift in Sources */,
				07358321184D254941F4C351 /* MVVideoView.swift in Sources */,
				B170249BFDF346B103A9E6F1 /* MediaMetadata.swift in Sources */,
				7507A320F5672C4973B540CB /* MediaThumbnailProvider.swift in Sources */,
				485DDAF467C1BBE3F8EA1DDE /* PlaybackProgressStore.swift in Sources */,
				DC5397814A9061D9358E8F24 /* PlaybackQueue.swift in Sources */,
				5CB72F36D777FC0007486AE3 /* PlayerContainerView.swift in Sources */,
				224693807487630483B03359 /* PlayerState.swift in Sources */,
				6AB3DC94A3EF0B237FB8A328 /* ThumbnailFilmstrip.swift in Sources */,
				7F88ECB766E892F14DF2D2A4 /* TimelinePreviewScrubber.swift in Sources */,
				07BB547D706EFC820F6EDC44 /* VideoSurface.swift in Sources */,
				BB35E5891E108A13587D0525 /* WindowFrameAutosave.swift in Sources */,
				37FF015320A7202B99F29A10 /* WindowState.swift in Sources */,
			);
			runOnlyForDeploymentPostprocessing = 0;
		};
		D95943A76E5CAC1CECC69AAB /* Sources */ = {
			isa = PBXSourcesBuildPhase;
			buildActionMask = 2147483647;
			files = (
				F25FEA260D3F99AD5ABABE5A /* ExternalThumbnailRendererTests.swift in Sources */,
				672A01DCBC0F2FF4B70CDD69 /* FolderLibraryTests.swift in Sources */,
				9FB2F1E46CEE3F2E2F82C65D /* LibMPVLoaderTests.swift in Sources */,
				0E7825A96285DF097A08CBC6 /* MediaThumbnailProviderTests.swift in Sources */,
				8DAAC6A01DFF01AA984D8F0F /* PlaybackProgressStoreTests.swift in Sources */,
				3052004CBAC853FF3305E4D9 /* PlaybackQueueTests.swift in Sources */,
				BD8A53F83ACE9FB58CB6CF4F /* PlayerStateTests.swift in Sources */,
				5CDDC091F9951F0D8BFB1B3D /* ThumbnailFilmstripTests.swift in Sources */,
				D1686F68229307FB773F9FFB /* WindowStateTests.swift in Sources */,
			);
			runOnlyForDeploymentPostprocessing = 0;
		};
/* End PBXSourcesBuildPhase section */

/* Begin PBXTargetDependency section */
		000C1B3FA9A1754AA6E22DC7 /* PBXTargetDependency */ = {
			isa = PBXTargetDependency;
			target = DD12C06412DDDA56CCB823DC /* CMPVShim */;
			targetProxy = 608B7FBB2A54D0169F1563BD /* PBXContainerItemProxy */;
		};
		7242D888B4FF81C73D5E13AB /* PBXTargetDependency */ = {
			isa = PBXTargetDependency;
			target = 4FFF34665CD533F56F402514 /* MVPlayer */;
			targetProxy = 952CD92399E7BB06498E482A /* PBXContainerItemProxy */;
		};
		914C9306ADD51B20F4758979 /* PBXTargetDependency */ = {
			isa = PBXTargetDependency;
			target = DD12C06412DDDA56CCB823DC /* CMPVShim */;
			targetProxy = 9BA5EA62C8ED85E28B9A9D39 /* PBXContainerItemProxy */;
		};
/* End PBXTargetDependency section */

/* Begin XCBuildConfiguration section */
		0E35FE6FD5F8203E32D93A32 /* Release */ = {
			isa = XCBuildConfiguration;
			buildSettings = {
				ASSETCATALOG_COMPILER_APPICON_NAME = mvplayer;
				CODE_SIGN_ENTITLEMENTS = MVPlayer/Support/MVPlayer.entitlements;
				COMBINE_HIDPI_IMAGES = YES;
				GENERATE_INFOPLIST_FILE = YES;
				INFOPLIST_KEY_CFBundleDisplayName = MVPlayer;
				INFOPLIST_KEY_LSApplicationCategoryType = "public.app-category.video";
				INFOPLIST_KEY_NSHumanReadableCopyright = "";
				LD_RUNPATH_SEARCH_PATHS = (
					"$(inherited)",
					"@executable_path/../Frameworks",
				);
				OTHER_LDFLAGS = (
					"$(inherited)",
					"-ldl",
				);
				PRODUCT_BUNDLE_IDENTIFIER = com.example.MVPlayer;
				PRODUCT_MODULE_NAME = MVPlayer;
				PRODUCT_NAME = MVPlayer;
				SDKROOT = macosx;
			};
			name = Release;
		};
		17CC474D85074B010CFB86B5 /* Release */ = {
			isa = XCBuildConfiguration;
			buildSettings = {
				BUNDLE_LOADER = "$(TEST_HOST)";
				COMBINE_HIDPI_IMAGES = YES;
				GENERATE_INFOPLIST_FILE = YES;
				LD_RUNPATH_SEARCH_PATHS = (
					"$(inherited)",
					"@executable_path/../Frameworks",
					"@loader_path/../Frameworks",
				);
				PRODUCT_BUNDLE_IDENTIFIER = com.example.MVPlayerTests;
				SDKROOT = macosx;
				TEST_HOST = "$(BUILT_PRODUCTS_DIR)/MVPlayer.app/Contents/MacOS/MVPlayer";
			};
			name = Release;
		};
		1AA37B38E78C1D450CA38400 /* Release */ = {
			isa = XCBuildConfiguration;
			buildSettings = {
				ALWAYS_SEARCH_USER_PATHS = NO;
				ARCHS = arm64;
				CLANG_ANALYZER_NONNULL = YES;
				CLANG_ANALYZER_NUMBER_OBJECT_CONVERSION = YES_AGGRESSIVE;
				CLANG_CXX_LANGUAGE_STANDARD = "gnu++14";
				CLANG_CXX_LIBRARY = "libc++";
				CLANG_ENABLE_MODULES = YES;
				CLANG_ENABLE_OBJC_ARC = YES;
				CLANG_ENABLE_OBJC_WEAK = YES;
				CLANG_WARN_BLOCK_CAPTURE_AUTORELEASING = YES;
				CLANG_WARN_BOOL_CONVERSION = YES;
				CLANG_WARN_COMMA = YES;
				CLANG_WARN_CONSTANT_CONVERSION = YES;
				CLANG_WARN_DEPRECATED_OBJC_IMPLEMENTATIONS = YES;
				CLANG_WARN_DIRECT_OBJC_ISA_USAGE = YES_ERROR;
				CLANG_WARN_DOCUMENTATION_COMMENTS = YES;
				CLANG_WARN_EMPTY_BODY = YES;
				CLANG_WARN_ENUM_CONVERSION = YES;
				CLANG_WARN_INFINITE_RECURSION = YES;
				CLANG_WARN_INT_CONVERSION = YES;
				CLANG_WARN_NON_LITERAL_NULL_CONVERSION = YES;
				CLANG_WARN_OBJC_IMPLICIT_RETAIN_SELF = YES;
				CLANG_WARN_OBJC_LITERAL_CONVERSION = YES;
				CLANG_WARN_OBJC_ROOT_CLASS = YES_ERROR;
				CLANG_WARN_QUOTED_INCLUDE_IN_FRAMEWORK_HEADER = YES;
				CLANG_WARN_RANGE_LOOP_ANALYSIS = YES;
				CLANG_WARN_STRICT_PROTOTYPES = YES;
				CLANG_WARN_SUSPICIOUS_MOVE = YES;
				CLANG_WARN_UNGUARDED_AVAILABILITY = YES_AGGRESSIVE;
				CLANG_WARN_UNREACHABLE_CODE = YES;
				CLANG_WARN__DUPLICATE_METHOD_MATCH = YES;
				CODE_SIGN_STYLE = Automatic;
				COPY_PHASE_STRIP = NO;
				DEBUG_INFORMATION_FORMAT = "dwarf-with-dsym";
				ENABLE_HARDENED_RUNTIME = YES;
				ENABLE_NS_ASSERTIONS = NO;
				ENABLE_STRICT_OBJC_MSGSEND = YES;
				GCC_C_LANGUAGE_STANDARD = gnu11;
				GCC_NO_COMMON_BLOCKS = YES;
				GCC_WARN_64_TO_32_BIT_CONVERSION = YES;
				GCC_WARN_ABOUT_RETURN_TYPE = YES_ERROR;
				GCC_WARN_UNDECLARED_SELECTOR = YES;
				GCC_WARN_UNINITIALIZED_AUTOS = YES_AGGRESSIVE;
				GCC_WARN_UNUSED_FUNCTION = YES;
				GCC_WARN_UNUSED_VARIABLE = YES;
				MACOSX_DEPLOYMENT_TARGET = 14.0;
				MTL_ENABLE_DEBUG_INFO = NO;
				MTL_FAST_MATH = YES;
				OTHER_SWIFT_FLAGS = (
					"-Xcc",
					"-DGL_SILENCE_DEPRECATION",
				);
				PRODUCT_NAME = "$(TARGET_NAME)";
				SDKROOT = macosx;
				SWIFT_COMPILATION_MODE = wholemodule;
				SWIFT_OPTIMIZATION_LEVEL = "-O";
				SWIFT_STRICT_CONCURRENCY = minimal;
				SWIFT_VERSION = 6.0;
			};
			name = Release;
		};
		442334E5E45378089AB4F585 /* Debug */ = {
			isa = XCBuildConfiguration;
			buildSettings = {
				ASSETCATALOG_COMPILER_APPICON_NAME = mvplayer;
				CODE_SIGN_ENTITLEMENTS = MVPlayer/Support/MVPlayer.entitlements;
				COMBINE_HIDPI_IMAGES = YES;
				GENERATE_INFOPLIST_FILE = YES;
				INFOPLIST_KEY_CFBundleDisplayName = MVPlayer;
				INFOPLIST_KEY_LSApplicationCategoryType = "public.app-category.video";
				INFOPLIST_KEY_NSHumanReadableCopyright = "";
				LD_RUNPATH_SEARCH_PATHS = (
					"$(inherited)",
					"@executable_path/../Frameworks",
				);
				OTHER_LDFLAGS = (
					"$(inherited)",
					"-ldl",
				);
				PRODUCT_BUNDLE_IDENTIFIER = com.example.MVPlayer;
				PRODUCT_MODULE_NAME = MVPlayer;
				PRODUCT_NAME = MVPlayer;
				SDKROOT = macosx;
			};
			name = Debug;
		};
		5451B44EFC0DB566F5EC34FF /* Debug */ = {
			isa = XCBuildConfiguration;
			buildSettings = {
				ALWAYS_SEARCH_USER_PATHS = NO;
				ARCHS = arm64;
				CLANG_ANALYZER_NONNULL = YES;
				CLANG_ANALYZER_NUMBER_OBJECT_CONVERSION = YES_AGGRESSIVE;
				CLANG_CXX_LANGUAGE_STANDARD = "gnu++14";
				CLANG_CXX_LIBRARY = "libc++";
				CLANG_ENABLE_MODULES = YES;
				CLANG_ENABLE_OBJC_ARC = YES;
				CLANG_ENABLE_OBJC_WEAK = YES;
				CLANG_WARN_BLOCK_CAPTURE_AUTORELEASING = YES;
				CLANG_WARN_BOOL_CONVERSION = YES;
				CLANG_WARN_COMMA = YES;
				CLANG_WARN_CONSTANT_CONVERSION = YES;
				CLANG_WARN_DEPRECATED_OBJC_IMPLEMENTATIONS = YES;
				CLANG_WARN_DIRECT_OBJC_ISA_USAGE = YES_ERROR;
				CLANG_WARN_DOCUMENTATION_COMMENTS = YES;
				CLANG_WARN_EMPTY_BODY = YES;
				CLANG_WARN_ENUM_CONVERSION = YES;
				CLANG_WARN_INFINITE_RECURSION = YES;
				CLANG_WARN_INT_CONVERSION = YES;
				CLANG_WARN_NON_LITERAL_NULL_CONVERSION = YES;
				CLANG_WARN_OBJC_IMPLICIT_RETAIN_SELF = YES;
				CLANG_WARN_OBJC_LITERAL_CONVERSION = YES;
				CLANG_WARN_OBJC_ROOT_CLASS = YES_ERROR;
				CLANG_WARN_QUOTED_INCLUDE_IN_FRAMEWORK_HEADER = YES;
				CLANG_WARN_RANGE_LOOP_ANALYSIS = YES;
				CLANG_WARN_STRICT_PROTOTYPES = YES;
				CLANG_WARN_SUSPICIOUS_MOVE = YES;
				CLANG_WARN_UNGUARDED_AVAILABILITY = YES_AGGRESSIVE;
				CLANG_WARN_UNREACHABLE_CODE = YES;
				CLANG_WARN__DUPLICATE_METHOD_MATCH = YES;
				CODE_SIGN_STYLE = Automatic;
				COPY_PHASE_STRIP = NO;
				DEBUG_INFORMATION_FORMAT = dwarf;
				ENABLE_HARDENED_RUNTIME = YES;
				ENABLE_STRICT_OBJC_MSGSEND = YES;
				ENABLE_TESTABILITY = YES;
				GCC_C_LANGUAGE_STANDARD = gnu11;
				GCC_DYNAMIC_NO_PIC = NO;
				GCC_NO_COMMON_BLOCKS = YES;
				GCC_OPTIMIZATION_LEVEL = 0;
				GCC_PREPROCESSOR_DEFINITIONS = (
					"$(inherited)",
					"DEBUG=1",
				);
				GCC_WARN_64_TO_32_BIT_CONVERSION = YES;
				GCC_WARN_ABOUT_RETURN_TYPE = YES_ERROR;
				GCC_WARN_UNDECLARED_SELECTOR = YES;
				GCC_WARN_UNINITIALIZED_AUTOS = YES_AGGRESSIVE;
				GCC_WARN_UNUSED_FUNCTION = YES;
				GCC_WARN_UNUSED_VARIABLE = YES;
				MACOSX_DEPLOYMENT_TARGET = 14.0;
				MTL_ENABLE_DEBUG_INFO = INCLUDE_SOURCE;
				MTL_FAST_MATH = YES;
				ONLY_ACTIVE_ARCH = YES;
				OTHER_SWIFT_FLAGS = (
					"-Xcc",
					"-DGL_SILENCE_DEPRECATION",
				);
				PRODUCT_NAME = "$(TARGET_NAME)";
				SDKROOT = macosx;
				SWIFT_ACTIVE_COMPILATION_CONDITIONS = DEBUG;
				SWIFT_OPTIMIZATION_LEVEL = "-Onone";
				SWIFT_STRICT_CONCURRENCY = minimal;
				SWIFT_VERSION = 6.0;
			};
			name = Debug;
		};
		5BDF0289FEF255FA0713B228 /* Debug */ = {
			isa = XCBuildConfiguration;
			buildSettings = {
				BUNDLE_LOADER = "$(TEST_HOST)";
				COMBINE_HIDPI_IMAGES = YES;
				GENERATE_INFOPLIST_FILE = YES;
				LD_RUNPATH_SEARCH_PATHS = (
					"$(inherited)",
					"@executable_path/../Frameworks",
					"@loader_path/../Frameworks",
				);
				PRODUCT_BUNDLE_IDENTIFIER = com.example.MVPlayerTests;
				SDKROOT = macosx;
				TEST_HOST = "$(BUILT_PRODUCTS_DIR)/MVPlayer.app/Contents/MacOS/MVPlayer";
			};
			name = Debug;
		};
		6D8BB259B2CE41D63CA6779B /* Release */ = {
			isa = XCBuildConfiguration;
			buildSettings = {
				CODE_SIGN_IDENTITY = "";
				COMBINE_HIDPI_IMAGES = YES;
				CURRENT_PROJECT_VERSION = 1;
				DEFINES_MODULE = YES;
				DYLIB_COMPATIBILITY_VERSION = 1;
				DYLIB_CURRENT_VERSION = 1;
				DYLIB_INSTALL_NAME_BASE = "@rpath";
				GENERATE_INFOPLIST_FILE = YES;
				HEADER_SEARCH_PATHS = (
					"$(SRCROOT)/CMPVShim",
				);
				INSTALL_PATH = "$(LOCAL_LIBRARY_DIR)/Frameworks";
				LD_RUNPATH_SEARCH_PATHS = (
					"$(inherited)",
					"@executable_path/../Frameworks",
				);
				PRODUCT_BUNDLE_IDENTIFIER = com.example.CMPVShim;
				PRODUCT_MODULE_NAME = CMPVShim;
				SDKROOT = macosx;
				SKIP_INSTALL = YES;
				VERSIONING_SYSTEM = "apple-generic";
			};
			name = Release;
		};
		CC44572284D5490474DCF5D1 /* Debug */ = {
			isa = XCBuildConfiguration;
			buildSettings = {
				CODE_SIGN_IDENTITY = "";
				COMBINE_HIDPI_IMAGES = YES;
				CURRENT_PROJECT_VERSION = 1;
				DEFINES_MODULE = YES;
				DYLIB_COMPATIBILITY_VERSION = 1;
				DYLIB_CURRENT_VERSION = 1;
				DYLIB_INSTALL_NAME_BASE = "@rpath";
				GENERATE_INFOPLIST_FILE = YES;
				HEADER_SEARCH_PATHS = (
					"$(SRCROOT)/CMPVShim",
				);
				INSTALL_PATH = "$(LOCAL_LIBRARY_DIR)/Frameworks";
				LD_RUNPATH_SEARCH_PATHS = (
					"$(inherited)",
					"@executable_path/../Frameworks",
				);
				PRODUCT_BUNDLE_IDENTIFIER = com.example.CMPVShim;
				PRODUCT_MODULE_NAME = CMPVShim;
				SDKROOT = macosx;
				SKIP_INSTALL = YES;
				VERSIONING_SYSTEM = "apple-generic";
			};
			name = Debug;
		};
/* End XCBuildConfiguration section */

/* Begin XCConfigurationList section */
		67F47083A0DA184CEECDFC91 /* Build configuration list for PBXProject "MVPlayer" */ = {
			isa = XCConfigurationList;
			buildConfigurations = (
				5451B44EFC0DB566F5EC34FF /* Debug */,
				1AA37B38E78C1D450CA38400 /* Release */,
			);
			defaultConfigurationIsVisible = 0;
			defaultConfigurationName = Debug;
		};
		AAB4687BEC3E4838E2C06255 /* Build configuration list for PBXNativeTarget "MVPlayerTests" */ = {
			isa = XCConfigurationList;
			buildConfigurations = (
				5BDF0289FEF255FA0713B228 /* Debug */,
				17CC474D85074B010CFB86B5 /* Release */,
			);
			defaultConfigurationIsVisible = 0;
			defaultConfigurationName = Debug;
		};
		BDAC9E8D5FF6789BADD14BDC /* Build configuration list for PBXNativeTarget "MVPlayer" */ = {
			isa = XCConfigurationList;
			buildConfigurations = (
				442334E5E45378089AB4F585 /* Debug */,
				0E35FE6FD5F8203E32D93A32 /* Release */,
			);
			defaultConfigurationIsVisible = 0;
			defaultConfigurationName = Debug;
		};
		F41AEA797AC21165AF596FE4 /* Build configuration list for PBXNativeTarget "CMPVShim" */ = {
			isa = XCConfigurationList;
			buildConfigurations = (
				CC44572284D5490474DCF5D1 /* Debug */,
				6D8BB259B2CE41D63CA6779B /* Release */,
			);
			defaultConfigurationIsVisible = 0;
			defaultConfigurationName = Debug;
		};
/* End XCConfigurationList section */
	};
	rootObject = 51722A73EC56917110A96947 /* Project object */;
}
